
Microsoft Visual Studio Solution File, Format Version 12.00
# Visual Studio Version 16
VisualStudioVersion = 16.0.30114.105
MinimumVisualStudioVersion = 10.0.40219.1
Project("{D2ABAB84-BF74-430A-B69E-9DC6D40DDA17}") = "UniversityOLAP", "UniversityOLAP\UniversityOLAP.dwproj", "{0596B0F4-8052-4499-B6D4-EE325DF7D2AA}"
EndProject
Global
	GlobalSection(SolutionConfigurationPlatforms) = preSolution
		Development|Default = Development|Default
	EndGlobalSection
	GlobalSection(ProjectConfigurationPlatforms) = postSolution
		{0596B0F4-8052-4499-B6D4-EE325DF7D2AA}.Development|Default.ActiveCfg = Development
		{0596B0F4-8052-4499-B6D4-EE325DF7D2AA}.Development|Default.Build.0 = Development
		{0596B0F4-8052-4499-B6D4-EE325DF7D2AA}.Development|Default.Deploy.0 = Development
	EndGlobalSection
	GlobalSection(SolutionProperties) = preSolution
		HideSolutionNode = FALSE
	EndGlobalSection
	GlobalSection(ExtensibilityGlobals) = postSolution
		SolutionGuid = {AB33BAAD-C920-4578-9173-17EF0A1486A8}
	EndGlobalSection
EndGlobal
